github.com/sandgorgon/9auth v0.1.0 h1:5NjVw6Y+FB6O2+s68AQxYZPdeBIXr5nSa9x6sEl7mrI=
github.com/sandgorgon/9auth v0.1.0/go.mod h1:vdzC+3OvvLLSMwWp9q9nCor7z6JYiNIIqvw3ciKVCbg=
github.com/sandgorgon/9p v0.9.0 h1:d70kQGFTvc2W+42pX0iM49ZC7AZtSP3zsTRuEfeDQeA=
github.com/sandgorgon/9p v0.9.0/go.mod h1:2Nb790mCwWAbRdWWtH3hCTCqfq8ETAN8DmPZvuC79is=
