github.com/sandgorgon/9auth v0.1.0 h1:5NjVw6Y+FB6O2+s68AQxYZPdeBIXr5nSa9x6sEl7mrI=
github.com/sandgorgon/9auth v0.1.0/go.mod h1:vdzC+3OvvLLSMwWp9q9nCor7z6JYiNIIqvw3ciKVCbg=
github.com/sandgorgon/9p v0.5.0 h1:nlTLdGaWBMUcSplYddS5Gm28baDiuy1cTSeTQQ103QI=
github.com/sandgorgon/9p v0.5.0/go.mod h1:2Nb790mCwWAbRdWWtH3hCTCqfq8ETAN8DmPZvuC79is=
